# THIS IS AN AUTOGENERATED FILE. DO NOT EDIT THIS FILE DIRECTLY.
# yarn lockfile v1


jsvat@2.5.3:
  version "2.5.3"
  resolved "https://registry.yarnpkg.com/jsvat/-/jsvat-2.5.3.tgz#44d41d80b8d04a6b98cf721668a872ab35b6009e"
  integrity sha512-jra/1qujP+vrrCgLcGRRHwLrKj69cLvWUMeFwhwoD/AeHSZ9BY9Bf59GNOtDdDmGhchNwasrWjnKBTbL19FHsg==
